
Microsoft Visual Studio Solution File, Format Version 12.00
# Visual Studio Version 17
VisualStudioVersion = 17.5.33502.453
MinimumVisualStudioVersion = 10.0.40219.1
Project("{FAE04EC0-301F-11D3-BF4B-00C04F79EFBC}") = "C#Homework", "C#Homework\C#Homework.csproj", "{3B436B7B-4348-43E6-A318-83FC647ABA65}"
EndProject
Global
	GlobalSection(SolutionConfigurationPlatforms) = preSolution
		Debug|Any CPU = Debug|Any CPU
		Release|Any CPU = Release|Any CPU
	EndGlobalSection
	GlobalSection(ProjectConfigurationPlatforms) = postSolution
		{3B436B7B-4348-43E6-A318-83FC647ABA65}.Debug|Any CPU.ActiveCfg = Debug|Any CPU
		{3B436B7B-4348-43E6-A318-83FC647ABA65}.Debug|Any CPU.Build.0 = Debug|Any CPU
		{3B436B7B-4348-43E6-A318-83FC647ABA65}.Release|Any CPU.ActiveCfg = Release|Any CPU
		{3B436B7B-4348-43E6-A318-83FC647ABA65}.Release|Any CPU.Build.0 = Release|Any CPU
	EndGlobalSection
	GlobalSection(SolutionProperties) = preSolution
		HideSolutionNode = FALSE
	EndGlobalSection
	GlobalSection(ExtensibilityGlobals) = postSolution
		SolutionGuid = {ED6A2B9D-AC15-49ED-8081-67604FA2E4DD}
	EndGlobalSection
EndGlobal
